
Microsoft Visual Studio Solution File, Format Version 12.00
# Visual Studio 15
VisualStudioVersion = 15.0.28307.852
MinimumVisualStudioVersion = 10.0.40219.1
Project("{FAE04EC0-301F-11D3-BF4B-00C04F79EFBC}") = "DataAccess", "DataAccess\DataAccess.csproj", "{4D506903-158D-4A7C-A01E-78027DD421A1}"
EndProject
Project("{FAE04EC0-301F-11D3-BF4B-00C04F79EFBC}") = "Entities", "Entities\Entities.csproj", "{97560BB5-DBC0-49F2-A95C-2544581310CE}"
EndProject
Project("{FAE04EC0-301F-11D3-BF4B-00C04F79EFBC}") = "Business", "Business\Business.csproj", "{5C1FF9E7-6599-48B5-82C7-704722887C54}"
EndProject
Project("{FAE04EC0-301F-11D3-BF4B-00C04F79EFBC}") = "ConsoleUI", "ConsoleUI\ConsoleUI.csproj", "{F356FC8F-DA81-4E76-8232-8A5FF09E1B19}"
EndProject
Global
	GlobalSection(SolutionConfigurationPlatforms) = preSolution
		Debug|Any CPU = Debug|Any CPU
		Release|Any CPU = Release|Any CPU
	EndGlobalSection
	GlobalSection(ProjectConfigurationPlatforms) = postSolution
		{4D506903-158D-4A7C-A01E-78027DD421A1}.Debug|Any CPU.ActiveCfg = Debug|Any CPU
		{4D506903-158D-4A7C-A01E-78027DD421A1}.Debug|Any CPU.Build.0 = Debug|Any CPU
		{4D506903-158D-4A7C-A01E-78027DD421A1}.Release|Any CPU.ActiveCfg = Release|Any CPU
		{4D506903-158D-4A7C-A01E-78027DD421A1}.Release|Any CPU.Build.0 = Release|Any CPU
		{97560BB5-DBC0-49F2-A95C-2544581310CE}.Debug|Any CPU.ActiveCfg = Debug|Any CPU
		{97560BB5-DBC0-49F2-A95C-2544581310CE}.Debug|Any CPU.Build.0 = Debug|Any CPU
		{97560BB5-DBC0-49F2-A95C-2544581310CE}.Release|Any CPU.ActiveCfg = Release|Any CPU
		{97560BB5-DBC0-49F2-A95C-2544581310CE}.Release|Any CPU.Build.0 = Release|Any CPU
		{5C1FF9E7-6599-48B5-82C7-704722887C54}.Debug|Any CPU.ActiveCfg = Debug|Any CPU
		{5C1FF9E7-6599-48B5-82C7-704722887C54}.Debug|Any CPU.Build.0 = Debug|Any CPU
		{5C1FF9E7-6599-48B5-82C7-704722887C54}.Release|Any CPU.ActiveCfg = Release|Any CPU
		{5C1FF9E7-6599-48B5-82C7-704722887C54}.Release|Any CPU.Build.0 = Release|Any CPU
		{F356FC8F-DA81-4E76-8232-8A5FF09E1B19}.Debug|Any CPU.ActiveCfg = Debug|Any CPU
		{F356FC8F-DA81-4E76-8232-8A5FF09E1B19}.Debug|Any CPU.Build.0 = Debug|Any CPU
		{F356FC8F-DA81-4E76-8232-8A5FF09E1B19}.Release|Any CPU.ActiveCfg = Release|Any CPU
		{F356FC8F-DA81-4E76-8232-8A5FF09E1B19}.Release|Any CPU.Build.0 = Release|Any CPU
	EndGlobalSection
	GlobalSection(SolutionProperties) = preSolution
		HideSolutionNode = FALSE
	EndGlobalSection
	GlobalSection(ExtensibilityGlobals) = postSolution
		SolutionGuid = {E7445905-0865-41B2-A0BA-93CF2F0CB48D}
	EndGlobalSection
EndGlobal
